
Microsoft Visual Studio Solution File, Format Version 12.00
# Visual Studio 2012
Project("{FAE04EC0-301F-11D3-BF4B-00C04F79EFBC}") = "SuperHero2", "SuperHero2\SuperHero2.csproj", "{1AB68831-DB66-4C6E-93E0-ECB3B419A8A6}"
EndProject
Project("{FAE04EC0-301F-11D3-BF4B-00C04F79EFBC}") = "SuperHero2Client", "SuperHero2Client\SuperHero2Client.csproj", "{E027721B-E772-460C-B8A4-AD43480306B0}"
EndProject
Project("{2150E333-8FDC-42A3-9474-1A3956D46DE8}") = "Solution Items", "Solution Items", "{0820B07C-0094-4C90-AC3B-E20DEE287374}"
	ProjectSection(SolutionItems) = preProject
		License.txt = License.txt
		README.md = README.md
	EndProjectSection
EndProject
Global
	GlobalSection(SolutionConfigurationPlatforms) = preSolution
		Debug|Any CPU = Debug|Any CPU
		Release|Any CPU = Release|Any CPU
	EndGlobalSection
	GlobalSection(ProjectConfigurationPlatforms) = postSolution
		{1AB68831-DB66-4C6E-93E0-ECB3B419A8A6}.Debug|Any CPU.ActiveCfg = Debug|Any CPU
		{1AB68831-DB66-4C6E-93E0-ECB3B419A8A6}.Debug|Any CPU.Build.0 = Debug|Any CPU
		{1AB68831-DB66-4C6E-93E0-ECB3B419A8A6}.Release|Any CPU.ActiveCfg = Release|Any CPU
		{1AB68831-DB66-4C6E-93E0-ECB3B419A8A6}.Release|Any CPU.Build.0 = Release|Any CPU
		{E027721B-E772-460C-B8A4-AD43480306B0}.Debug|Any CPU.ActiveCfg = Debug|Any CPU
		{E027721B-E772-460C-B8A4-AD43480306B0}.Debug|Any CPU.Build.0 = Debug|Any CPU
		{E027721B-E772-460C-B8A4-AD43480306B0}.Release|Any CPU.ActiveCfg = Release|Any CPU
		{E027721B-E772-460C-B8A4-AD43480306B0}.Release|Any CPU.Build.0 = Release|Any CPU
	EndGlobalSection
	GlobalSection(SolutionProperties) = preSolution
		HideSolutionNode = FALSE
	EndGlobalSection
EndGlobal
